
Microsoft Visual Studio Solution File, Format Version 12.00
# Visual Studio 15
VisualStudioVersion = 15.0.27703.2026
MinimumVisualStudioVersion = 10.0.40219.1
Project("{FAE04EC0-301F-11D3-BF4B-00C04F79EFBC}") = "CardOrganizerWPF", "CardOrganizerWPF\CardOrganizerWPF.csproj", "{3E5B6C30-A839-4D30-9CB8-CF4E8D168A1A}"
EndProject
Project("{FAE04EC0-301F-11D3-BF4B-00C04F79EFBC}") = "CardOrganizerKK", "CardOrganizerKK\CardOrganizerKK.csproj", "{38471DA8-8E4D-4C5D-A465-7071EDC54F44}"
EndProject
Project("{FAE04EC0-301F-11D3-BF4B-00C04F79EFBC}") = "CardOrganizerHS", "CardOrganizerHS\CardOrganizerHS.csproj", "{76CCD4A0-FCCB-484A-8A35-11BE1339D2E4}"
EndProject
Project("{D954291E-2A0B-460D-934E-DC6B0785DB48}") = "PluginLibrary", "PluginLibrary\PluginLibrary.shproj", "{8478823C-C525-493D-BBB5-A9404BE385AE}"
EndProject
Project("{2150E333-8FDC-42A3-9474-1A3956D46DE8}") = "SolutionFiles", "SolutionFiles", "{CE979617-A194-4C66-9528-8242F9A980CE}"
	ProjectSection(SolutionItems) = preProject
		.gitignore = .gitignore
		TODO.txt = TODO.txt
	EndProjectSection
EndProject
Project("{D954291E-2A0B-460D-934E-DC6B0785DB48}") = "SharedCode", "SharedCode\SharedCode.shproj", "{29BA992B-DAB2-4E00-8211-1131740569BA}"
EndProject
Project("{D954291E-2A0B-460D-934E-DC6B0785DB48}") = "TraverseStandalone", "TraverseStandalone\TraverseStandalone.shproj", "{80387C39-6E7D-4CD2-B29E-8D950CC25D2E}"
EndProject
Project("{2150E333-8FDC-42A3-9474-1A3956D46DE8}") = "Archive", "Archive", "{A04F5A5A-32C7-49DC-B246-61001210DA09}"
	ProjectSection(SolutionItems) = preProject
		Archive\AsynchronousClient.cs = Archive\AsynchronousClient.cs
		Archive\TabContent.cs = Archive\TabContent.cs
		Archive\TabControlEx.cs = Archive\TabControlEx.cs
		Archive\TCPClientManager.cs = Archive\TCPClientManager.cs
		Archive\TCPServerManager.cs = Archive\TCPServerManager.cs
		Archive\Watermark.cs = Archive\Watermark.cs
	EndProjectSection
EndProject
Project("{FAE04EC0-301F-11D3-BF4B-00C04F79EFBC}") = "CardOrganizerPH", "CardOrganizerPH\CardOrganizerPH.csproj", "{E6739D5A-3574-45F8-8197-2BCBE412103A}"
EndProject
Project("{D954291E-2A0B-460D-934E-DC6B0785DB48}") = "NamedPipes", "NamedPipes\NamedPipes.shproj", "{CD033BD8-6B81-43E5-96AB-3DA4F26F8B08}"
EndProject
Global
	GlobalSection(SharedMSBuildProjectFiles) = preSolution
		SharedCode\SharedCode.projitems*{29ba992b-dab2-4e00-8211-1131740569ba}*SharedItemsImports = 13
		NamedPipes\NamedPipes.projitems*{38471da8-8e4d-4c5d-a465-7071edc54f44}*SharedItemsImports = 4
		PluginLibrary\PluginLibrary.projitems*{38471da8-8e4d-4c5d-a465-7071edc54f44}*SharedItemsImports = 4
		SharedCode\SharedCode.projitems*{38471da8-8e4d-4c5d-a465-7071edc54f44}*SharedItemsImports = 4
		NamedPipes\NamedPipes.projitems*{3e5b6c30-a839-4d30-9cb8-cf4e8d168a1a}*SharedItemsImports = 4
		SharedCode\SharedCode.projitems*{3e5b6c30-a839-4d30-9cb8-cf4e8d168a1a}*SharedItemsImports = 4
		TraverseStandalone\TraverseStandalone.projitems*{80387c39-6e7d-4cd2-b29e-8d950cc25d2e}*SharedItemsImports = 13
		PluginLibrary\PluginLibrary.projitems*{8478823c-c525-493d-bbb5-a9404be385ae}*SharedItemsImports = 13
		NamedPipes\NamedPipes.projitems*{cd033bd8-6b81-43e5-96ab-3da4f26f8b08}*SharedItemsImports = 13
	EndGlobalSection
	GlobalSection(SolutionConfigurationPlatforms) = preSolution
		Debug|Any CPU = Debug|Any CPU
		Release|Any CPU = Release|Any CPU
	EndGlobalSection
	GlobalSection(ProjectConfigurationPlatforms) = postSolution
		{3E5B6C30-A839-4D30-9CB8-CF4E8D168A1A}.Debug|Any CPU.ActiveCfg = Debug|Any CPU
		{3E5B6C30-A839-4D30-9CB8-CF4E8D168A1A}.Debug|Any CPU.Build.0 = Debug|Any CPU
		{3E5B6C30-A839-4D30-9CB8-CF4E8D168A1A}.Release|Any CPU.ActiveCfg = Release|Any CPU
		{3E5B6C30-A839-4D30-9CB8-CF4E8D168A1A}.Release|Any CPU.Build.0 = Release|Any CPU
		{38471DA8-8E4D-4C5D-A465-7071EDC54F44}.Debug|Any CPU.ActiveCfg = Debug|Any CPU
		{38471DA8-8E4D-4C5D-A465-7071EDC54F44}.Debug|Any CPU.Build.0 = Debug|Any CPU
		{38471DA8-8E4D-4C5D-A465-7071EDC54F44}.Release|Any CPU.ActiveCfg = Release|Any CPU
		{38471DA8-8E4D-4C5D-A465-7071EDC54F44}.Release|Any CPU.Build.0 = Release|Any CPU
		{76CCD4A0-FCCB-484A-8A35-11BE1339D2E4}.Debug|Any CPU.ActiveCfg = Debug|Any CPU
		{76CCD4A0-FCCB-484A-8A35-11BE1339D2E4}.Debug|Any CPU.Build.0 = Debug|Any CPU
		{76CCD4A0-FCCB-484A-8A35-11BE1339D2E4}.Release|Any CPU.ActiveCfg = Release|Any CPU
		{76CCD4A0-FCCB-484A-8A35-11BE1339D2E4}.Release|Any CPU.Build.0 = Release|Any CPU
		{E6739D5A-3574-45F8-8197-2BCBE412103A}.Debug|Any CPU.ActiveCfg = Debug|Any CPU
		{E6739D5A-3574-45F8-8197-2BCBE412103A}.Debug|Any CPU.Build.0 = Debug|Any CPU
		{E6739D5A-3574-45F8-8197-2BCBE412103A}.Release|Any CPU.ActiveCfg = Release|Any CPU
		{E6739D5A-3574-45F8-8197-2BCBE412103A}.Release|Any CPU.Build.0 = Release|Any CPU
	EndGlobalSection
	GlobalSection(SolutionProperties) = preSolution
		HideSolutionNode = FALSE
	EndGlobalSection
	GlobalSection(ExtensibilityGlobals) = postSolution
		SolutionGuid = {649E2D10-F219-44C0-B461-146B7D8BD9BB}
	EndGlobalSection
EndGlobal
